
Microsoft Visual Studio Solution File, Format Version 12.00
# Visual Studio Version 17
VisualStudioVersion = 17.4.33403.182
MinimumVisualStudioVersion = 10.0.40219.1
Project("{FAE04EC0-301F-11D3-BF4B-00C04F79EFBC}") = "ex46(2.0)", "ex46(2.0)\ex46(2.0).csproj", "{5CA857F1-61DD-4C7C-AEDA-0C37E3AE3505}"
EndProject
Global
	GlobalSection(SolutionConfigurationPlatforms) = preSolution
		Debug|Any CPU = Debug|Any CPU
		Release|Any CPU = Release|Any CPU
	EndGlobalSection
	GlobalSection(ProjectConfigurationPlatforms) = postSolution
		{5CA857F1-61DD-4C7C-AEDA-0C37E3AE3505}.Debug|Any CPU.ActiveCfg = Debug|Any CPU
		{5CA857F1-61DD-4C7C-AEDA-0C37E3AE3505}.Debug|Any CPU.Build.0 = Debug|Any CPU
		{5CA857F1-61DD-4C7C-AEDA-0C37E3AE3505}.Release|Any CPU.ActiveCfg = Release|Any CPU
		{5CA857F1-61DD-4C7C-AEDA-0C37E3AE3505}.Release|Any CPU.Build.0 = Release|Any CPU
	EndGlobalSection
	GlobalSection(SolutionProperties) = preSolution
		HideSolutionNode = FALSE
	EndGlobalSection
	GlobalSection(ExtensibilityGlobals) = postSolution
		SolutionGuid = {C4C56E4B-4541-40F2-A171-862E026723DD}
	EndGlobalSection
EndGlobal
